{
  "version": "3",
  "packages": {
    "specifiers": {
      "jsr:@denosaurs/plug@1.0.5": "jsr:@denosaurs/plug@1.0.5",
      "jsr:@gfx/canvas@^0.5.8": "jsr:@gfx/canvas@0.5.8",
      "jsr:@std/assert@^0.214.0": "jsr:@std/assert@0.214.0",
      "jsr:@std/assert@^0.217.0": "jsr:@std/assert@0.217.0",
      "jsr:@std/encoding@0.214": "jsr:@std/encoding@0.214.0",
      "jsr:@std/encoding@0.217.0": "jsr:@std/encoding@0.217.0",
      "jsr:@std/fmt@0.214": "jsr:@std/fmt@0.214.0",
      "jsr:@std/fs@0.214": "jsr:@std/fs@0.214.0",
      "jsr:@std/fs@0.217.0": "jsr:@std/fs@0.217.0",
      "jsr:@std/fs@^1.0.13": "jsr:@std/fs@1.0.13",
      "jsr:@std/path@0.214": "jsr:@std/path@0.214.0",
      "jsr:@std/path@0.217.0": "jsr:@std/path@0.217.0",
      "jsr:@std/path@^0.214.0": "jsr:@std/path@0.214.0",
      "jsr:@std/path@^0.217.0": "jsr:@std/path@0.217.0",
      "jsr:@std/path@^1.0.8": "jsr:@std/path@1.0.8",
      "jsr:@std/yaml": "jsr:@std/yaml@1.0.5",
      "jsr:@std/yaml@^1.0.5": "jsr:@std/yaml@1.0.5",
      "npm:@types/node": "npm:@types/node@18.16.19"
    },
    "jsr": {
      "@denosaurs/plug@1.0.5": {
        "integrity": "04cd988da558adc226202d88c3a434d5fcc08146eaf4baf0cea0c2284b16d2bf",
        "dependencies": [
          "jsr:@std/encoding@0.214",
          "jsr:@std/fmt@0.214",
          "jsr:@std/fs@0.214",
          "jsr:@std/path@0.214"
        ]
      },
      "@gfx/canvas@0.5.8": {
        "integrity": "a61c80292528e7433d428556b494a0ea496dd8e6abd4a338b8b25fc04e46ea3e",
        "dependencies": [
          "jsr:@denosaurs/plug@1.0.5",
          "jsr:@std/encoding@0.217.0",
          "jsr:@std/fs@0.217.0",
          "jsr:@std/path@0.217.0"
        ]
      },
      "@std/assert@0.214.0": {
        "integrity": "55d398de76a9828fd3b1aa653f4dba3eee4c6985d90c514865d2be9bd082b140"
      },
      "@std/assert@0.217.0": {
        "integrity": "c98e279362ca6982d5285c3b89517b757c1e3477ee9f14eb2fdf80a45aaa9642"
      },
      "@std/encoding@0.214.0": {
        "integrity": "30a8713e1db22986c7e780555ffd2fefd1d4f9374d734bb41f5970f6c3352af5"
      },
      "@std/encoding@0.217.0": {
        "integrity": "b03e8ff94c98d6b6a02c02c5cf8e5d203400155516248964fc4559abc04669dc"
      },
      "@std/fmt@0.214.0": {
        "integrity": "40382cff88a0783b347b4d69b94cf931ab8e549a733916718cb866c08efac4d4"
      },
      "@std/fs@0.214.0": {
        "integrity": "bc880fea0be120cb1550b1ed7faf92fe071003d83f2456a1e129b39193d85bea",
        "dependencies": [
          "jsr:@std/assert@^0.214.0",
          "jsr:@std/path@^0.214.0"
        ]
      },
      "@std/fs@0.217.0": {
        "integrity": "0bfff5f3618d68c385b28b4ffbf3a15c98293a0f1186444458b62e0111ce77b2",
        "dependencies": [
          "jsr:@std/assert@^0.217.0",
          "jsr:@std/path@^0.217.0"
        ]
      },
      "@std/fs@1.0.13": {
        "integrity": "756d3ff0ade91c9e72b228e8012b6ff00c3d4a4ac9c642c4dac083536bf6c605",
        "dependencies": [
          "jsr:@std/path@^1.0.8"
        ]
      },
      "@std/path@0.214.0": {
        "integrity": "d5577c0b8d66f7e8e3586d864ebdf178bb326145a3611da5a51c961740300285",
        "dependencies": [
          "jsr:@std/assert@^0.214.0"
        ]
      },
      "@std/path@0.217.0": {
        "integrity": "1217cc25534bca9a2f672d7fe7c6f356e4027df400c0e85c0ef3e4343bc67d11",
        "dependencies": [
          "jsr:@std/assert@^0.217.0"
        ]
      },
      "@std/path@1.0.8": {
        "integrity": "548fa456bb6a04d3c1a1e7477986b6cffbce95102d0bb447c67c4ee70e0364be"
      },
      "@std/yaml@1.0.5": {
        "integrity": "71ba3d334305ee2149391931508b2c293a8490f94a337eef3a09cade1a2a2742"
      }
    },
    "npm": {
      "@types/node@18.16.19": {
        "integrity": "sha512-IXl7o+R9iti9eBW4Wg2hx1xQDig183jj7YLn8F7udNceyfkbn1ZxmzZXuak20gR40D7pIkIY1kYGx5VIGbaHKA==",
        "dependencies": {}
      }
    }
  },
  "redirects": {
    "https://esm.sh/@types/extend@~3.0.4/index.d.ts": "https://esm.sh/@types/extend@3.0.4/index.d.ts",
    "https://esm.sh/@types/hast@3": "https://esm.sh/@types/hast@3.0.4/index.d.ts",
    "https://esm.sh/@types/hast@3.0.4": "https://esm.sh/@types/hast@3.0.4/index.d.ts",
    "https://esm.sh/@types/mdast@4.0.4": "https://esm.sh/@types/mdast@4.0.4/index.d.ts",
    "https://esm.sh/@types/mdast@4.0.4/": "https://esm.sh/@types/mdast@4.0.4/index.d.ts",
    "https://esm.sh/@types/ungap__structured-clone@~1.2.0/index.d.ts": "https://esm.sh/@types/ungap__structured-clone@1.2.0/index.d.ts",
    "https://esm.sh/@ungap/structured-clone@^1.0.0?target=denonext": "https://esm.sh/@ungap/structured-clone@1.3.0?target=denonext",
    "https://esm.sh/bail@^2.0.0?target=denonext": "https://esm.sh/bail@2.0.2?target=denonext",
    "https://esm.sh/ccount@^2.0.0?target=denonext": "https://esm.sh/ccount@2.0.1?target=denonext",
    "https://esm.sh/character-entities-html4@^2.0.0?target=denonext": "https://esm.sh/character-entities-html4@2.1.0?target=denonext",
    "https://esm.sh/character-entities-legacy@^3.0.0?target=denonext": "https://esm.sh/character-entities-legacy@3.0.0?target=denonext",
    "https://esm.sh/character-entities@^2.0.0?target=denonext": "https://esm.sh/character-entities@2.0.2?target=denonext",
    "https://esm.sh/comma-separated-tokens@^2.0.0?target=denonext": "https://esm.sh/comma-separated-tokens@2.0.3?target=denonext",
    "https://esm.sh/decode-named-character-reference@^1.0.0?target=denonext": "https://esm.sh/decode-named-character-reference@1.0.2?target=denonext",
    "https://esm.sh/devlop@^1.0.0?target=denonext": "https://esm.sh/devlop@1.1.0?target=denonext",
    "https://esm.sh/devlop@^1.1.0?target=denonext": "https://esm.sh/devlop@1.1.0?target=denonext",
    "https://esm.sh/entities@^4.5.0/lib/decode?target=denonext": "https://esm.sh/entities@4.5.0/lib/decode?target=denonext",
    "https://esm.sh/entities@^4.5.0/lib/escape?target=denonext": "https://esm.sh/entities@4.5.0/lib/escape?target=denonext",
    "https://esm.sh/escape-string-regexp@^5.0.0?target=denonext": "https://esm.sh/escape-string-regexp@5.0.0?target=denonext",
    "https://esm.sh/extend@^3.0.0?target=denonext": "https://esm.sh/extend@3.0.2?target=denonext",
    "https://esm.sh/fault@^2.0.0?target=denonext": "https://esm.sh/fault@2.0.1?target=denonext",
    "https://esm.sh/format@^0.2.0?target=denonext": "https://esm.sh/format@0.2.2?target=denonext",
    "https://esm.sh/hast-util-embedded@^3.0.0?target=denonext": "https://esm.sh/hast-util-embedded@3.0.0?target=denonext",
    "https://esm.sh/hast-util-from-html@^2.0.0?target=denonext": "https://esm.sh/hast-util-from-html@2.0.3?target=denonext",
    "https://esm.sh/hast-util-from-parse5@^8.0.0?target=denonext": "https://esm.sh/hast-util-from-parse5@8.0.3?target=denonext",
    "https://esm.sh/hast-util-has-property@^3.0.0?target=denonext": "https://esm.sh/hast-util-has-property@3.0.0?target=denonext",
    "https://esm.sh/hast-util-is-body-ok-link@^3.0.0?target=denonext": "https://esm.sh/hast-util-is-body-ok-link@3.0.1?target=denonext",
    "https://esm.sh/hast-util-is-element@^3.0.0?target=denonext": "https://esm.sh/hast-util-is-element@3.0.0?target=denonext",
    "https://esm.sh/hast-util-minify-whitespace@^1.0.0?target=denonext": "https://esm.sh/hast-util-minify-whitespace@1.0.1?target=denonext",
    "https://esm.sh/hast-util-parse-selector@^4.0.0?target=denonext": "https://esm.sh/hast-util-parse-selector@4.0.0?target=denonext",
    "https://esm.sh/hast-util-phrasing@^3.0.0?target=denonext": "https://esm.sh/hast-util-phrasing@3.0.1?target=denonext",
    "https://esm.sh/hast-util-to-html@^9.0.0?target=denonext": "https://esm.sh/hast-util-to-html@9.0.5?target=denonext",
    "https://esm.sh/hast-util-to-mdast@^10.0.0?target=denonext": "https://esm.sh/hast-util-to-mdast@10.1.2?target=denonext",
    "https://esm.sh/hast-util-to-text@^4.0.0?target=denonext": "https://esm.sh/hast-util-to-text@4.0.2?target=denonext",
    "https://esm.sh/hast-util-whitespace@^3.0.0?target=denonext": "https://esm.sh/hast-util-whitespace@3.0.0?target=denonext",
    "https://esm.sh/hastscript@^9.0.0?target=denonext": "https://esm.sh/hastscript@9.0.1?target=denonext",
    "https://esm.sh/html-void-elements@^3.0.0?target=denonext": "https://esm.sh/html-void-elements@3.0.0?target=denonext",
    "https://esm.sh/is-plain-obj@^4.0.0?target=denonext": "https://esm.sh/is-plain-obj@4.1.0?target=denonext",
    "https://esm.sh/longest-streak@^3.0.0?target=denonext": "https://esm.sh/longest-streak@3.1.0?target=denonext",
    "https://esm.sh/markdown-table@^3.0.0?target=denonext": "https://esm.sh/markdown-table@3.0.4?target=denonext",
    "https://esm.sh/mdast-util-find-and-replace@^3.0.0?target=denonext": "https://esm.sh/mdast-util-find-and-replace@3.0.2?target=denonext",
    "https://esm.sh/mdast-util-from-markdown@^2.0.0?target=denonext": "https://esm.sh/mdast-util-from-markdown@2.0.2?target=denonext",
    "https://esm.sh/mdast-util-frontmatter@^2.0.0?target=denonext": "https://esm.sh/mdast-util-frontmatter@2.0.1?target=denonext",
    "https://esm.sh/mdast-util-gfm-autolink-literal@^2.0.0?target=denonext": "https://esm.sh/mdast-util-gfm-autolink-literal@2.0.1?target=denonext",
    "https://esm.sh/mdast-util-gfm-footnote@^2.0.0?target=denonext": "https://esm.sh/mdast-util-gfm-footnote@2.1.0?target=denonext",
    "https://esm.sh/mdast-util-gfm-strikethrough@^2.0.0?target=denonext": "https://esm.sh/mdast-util-gfm-strikethrough@2.0.0?target=denonext",
    "https://esm.sh/mdast-util-gfm-table@^2.0.0?target=denonext": "https://esm.sh/mdast-util-gfm-table@2.0.0?target=denonext",
    "https://esm.sh/mdast-util-gfm-task-list-item@^2.0.0?target=denonext": "https://esm.sh/mdast-util-gfm-task-list-item@2.0.0?target=denonext",
    "https://esm.sh/mdast-util-gfm@^3.0.0?target=denonext": "https://esm.sh/mdast-util-gfm@3.1.0?target=denonext",
    "https://esm.sh/mdast-util-phrasing@^4.0.0?target=denonext": "https://esm.sh/mdast-util-phrasing@4.1.0?target=denonext",
    "https://esm.sh/mdast-util-to-hast@^13.0.0?target=denonext": "https://esm.sh/mdast-util-to-hast@13.2.0?target=denonext",
    "https://esm.sh/mdast-util-to-markdown@^2.0.0?target=denonext": "https://esm.sh/mdast-util-to-markdown@2.1.2?target=denonext",
    "https://esm.sh/mdast-util-to-string@4": "https://esm.sh/mdast-util-to-string@4.0.0",
    "https://esm.sh/mdast-util-to-string@^4.0.0?target=denonext": "https://esm.sh/mdast-util-to-string@4.0.0?target=denonext",
    "https://esm.sh/micromark-core-commonmark@^2.0.0?target=denonext": "https://esm.sh/micromark-core-commonmark@2.0.3?target=denonext",
    "https://esm.sh/micromark-extension-frontmatter@^2.0.0?target=denonext": "https://esm.sh/micromark-extension-frontmatter@2.0.0?target=denonext",
    "https://esm.sh/micromark-extension-gfm-autolink-literal@^2.0.0?target=denonext": "https://esm.sh/micromark-extension-gfm-autolink-literal@2.1.0?target=denonext",
    "https://esm.sh/micromark-extension-gfm-footnote@^2.0.0?target=denonext": "https://esm.sh/micromark-extension-gfm-footnote@2.1.0?target=denonext",
    "https://esm.sh/micromark-extension-gfm-strikethrough@^2.0.0?target=denonext": "https://esm.sh/micromark-extension-gfm-strikethrough@2.1.0?target=denonext",
    "https://esm.sh/micromark-extension-gfm-table@^2.0.0?target=denonext": "https://esm.sh/micromark-extension-gfm-table@2.1.1?target=denonext",
    "https://esm.sh/micromark-extension-gfm-tagfilter@^2.0.0?target=denonext": "https://esm.sh/micromark-extension-gfm-tagfilter@2.0.0?target=denonext",
    "https://esm.sh/micromark-extension-gfm-task-list-item@^2.0.0?target=denonext": "https://esm.sh/micromark-extension-gfm-task-list-item@2.1.0?target=denonext",
    "https://esm.sh/micromark-extension-gfm@^3.0.0?target=denonext": "https://esm.sh/micromark-extension-gfm@3.0.0?target=denonext",
    "https://esm.sh/micromark-factory-destination@^2.0.0?target=denonext": "https://esm.sh/micromark-factory-destination@2.0.1?target=denonext",
    "https://esm.sh/micromark-factory-label@^2.0.0?target=denonext": "https://esm.sh/micromark-factory-label@2.0.1?target=denonext",
    "https://esm.sh/micromark-factory-space@^2.0.0?target=denonext": "https://esm.sh/micromark-factory-space@2.0.1?target=denonext",
    "https://esm.sh/micromark-factory-title@^2.0.0?target=denonext": "https://esm.sh/micromark-factory-title@2.0.1?target=denonext",
    "https://esm.sh/micromark-factory-whitespace@^2.0.0?target=denonext": "https://esm.sh/micromark-factory-whitespace@2.0.1?target=denonext",
    "https://esm.sh/micromark-util-character@^2.0.0?target=denone": "https://esm.sh/micromark-util-character@2.1.1?target=denone",
    "https://esm.sh/micromark-util-character@^2.0.0?target=denonext": "https://esm.sh/micromark-util-character@2.1.1?target=denonext",
    "https://esm.sh/micromark-util-chunked@^2.0.0?target=denonext": "https://esm.sh/micromark-util-chunked@2.0.1?target=denonext",
    "https://esm.sh/micromark-util-classify-character@^2.0.0?target=denonext": "https://esm.sh/micromark-util-classify-character@2.0.1?target=denonext",
    "https://esm.sh/micromark-util-combine-extensions@^2.0.0?target=denonext": "https://esm.sh/micromark-util-combine-extensions@2.0.1?target=denonext",
    "https://esm.sh/micromark-util-decode-numeric-character-reference@^2.0.0?target=denonext": "https://esm.sh/micromark-util-decode-numeric-character-reference@2.0.2?target=denonext",
    "https://esm.sh/micromark-util-decode-string@^2.0.0?target=denonext": "https://esm.sh/micromark-util-decode-string@2.0.1?target=denonext",
    "https://esm.sh/micromark-util-encode@^2.0.0?target=denonext": "https://esm.sh/micromark-util-encode@2.0.1?target=denonext",
    "https://esm.sh/micromark-util-html-tag-name@^2.0.0?target=denonext": "https://esm.sh/micromark-util-html-tag-name@2.0.1?target=denonext",
    "https://esm.sh/micromark-util-normalize-identifier@^2.0.0?target=denonext": "https://esm.sh/micromark-util-normalize-identifier@2.0.1?target=denonext",
    "https://esm.sh/micromark-util-resolve-all@^2.0.0?target=denonext": "https://esm.sh/micromark-util-resolve-all@2.0.1?target=denonext",
    "https://esm.sh/micromark-util-sanitize-uri@^2.0.0?target=denonext": "https://esm.sh/micromark-util-sanitize-uri@2.0.1?target=denonext",
    "https://esm.sh/micromark-util-subtokenize@^2.0.0?target=denonext": "https://esm.sh/micromark-util-subtokenize@2.1.0?target=denonext",
    "https://esm.sh/micromark@^4.0.0?target=denonext": "https://esm.sh/micromark@4.0.2?target=denonext",
    "https://esm.sh/parse5@^7.0.0?target=denonext": "https://esm.sh/parse5@7.2.1?target=denonext",
    "https://esm.sh/property-information@^7.0.0?target=denonext": "https://esm.sh/property-information@7.0.0?target=denonext",
    "https://esm.sh/rehype-minify-whitespace@^6.0.0?target=denonext": "https://esm.sh/rehype-minify-whitespace@6.0.2?target=denonext",
    "https://esm.sh/rehype-parse@9": "https://esm.sh/rehype-parse@9.0.1",
    "https://esm.sh/rehype-remark@10": "https://esm.sh/rehype-remark@10.0.0",
    "https://esm.sh/rehype-stringify@10": "https://esm.sh/rehype-stringify@10.0.1",
    "https://esm.sh/remark-frontmatter@5": "https://esm.sh/remark-frontmatter@5.0.0",
    "https://esm.sh/remark-gfm@4": "https://esm.sh/remark-gfm@4.0.1",
    "https://esm.sh/remark-parse@11": "https://esm.sh/remark-parse@11.0.0",
    "https://esm.sh/remark-rehype@11": "https://esm.sh/remark-rehype@11.1.1",
    "https://esm.sh/remark-stringify@11": "https://esm.sh/remark-stringify@11.0.0",
    "https://esm.sh/space-separated-tokens@^2.0.0?target=denonext": "https://esm.sh/space-separated-tokens@2.0.2?target=denonext",
    "https://esm.sh/stringify-entities@^4.0.0?target=denonext": "https://esm.sh/stringify-entities@4.0.4?target=denonext",
    "https://esm.sh/trim-lines@^3.0.0?target=denonext": "https://esm.sh/trim-lines@3.0.1?target=denonext",
    "https://esm.sh/trim-trailing-lines@^2.0.0?target=denonext": "https://esm.sh/trim-trailing-lines@2.1.0?target=denonext",
    "https://esm.sh/trough@^2.0.0?target=denonext": "https://esm.sh/trough@2.2.0?target=denonext",
    "https://esm.sh/unified@11": "https://esm.sh/unified@11.0.5",
    "https://esm.sh/unist-builder@4": "https://esm.sh/unist-builder@4.0.0",
    "https://esm.sh/unist-util-find-after@^5.0.0?target=denonext": "https://esm.sh/unist-util-find-after@5.0.0?target=denonext",
    "https://esm.sh/unist-util-is@^6.0.0?target=denonext": "https://esm.sh/unist-util-is@6.0.0?target=denonext",
    "https://esm.sh/unist-util-position@^5.0.0?target=denonext": "https://esm.sh/unist-util-position@5.0.0?target=denonext",
    "https://esm.sh/unist-util-stringify-position@^4.0.0?target=denonext": "https://esm.sh/unist-util-stringify-position@4.0.0?target=denonext",
    "https://esm.sh/unist-util-visit-parents@^6.0.0?target=denonext": "https://esm.sh/unist-util-visit-parents@6.0.1?target=denonext",
    "https://esm.sh/unist-util-visit@^5.0.0?target=denonext": "https://esm.sh/unist-util-visit@5.0.0?target=denonext",
    "https://esm.sh/vfile-location@^5.0.0?target=denonext": "https://esm.sh/vfile-location@5.0.3?target=denonext",
    "https://esm.sh/vfile-message@^4.0.0?target=denonext": "https://esm.sh/vfile-message@4.0.2?target=denonext",
    "https://esm.sh/vfile@^6.0.0?target=denonext": "https://esm.sh/vfile@6.0.3?target=denonext",
    "https://esm.sh/web-namespaces@^2.0.0?target=denonext": "https://esm.sh/web-namespaces@2.0.1?target=denonext",
    "https://esm.sh/zwitch@^2.0.0?target=denonext": "https://esm.sh/zwitch@2.0.4?target=denonext",
    "https://esm.sh/zwitch@^2.0.4?target=denonext": "https://esm.sh/zwitch@2.0.4?target=denonext"
  },
  "remote": {
    "https://esm.sh/@types/mdast@4.0.4/index.js": "fabf6997a3adf11e45d11e3c4d58d0634ab98f9d72f3116f3694123818ccd457",
    "https://esm.sh/@ungap/structured-clone@1.3.0/denonext/esm/deserialize.mjs": "29e87e5dc02d3643f5991019fd1c299c96f83a7e9c3723a8ae108cf468c64281",
    "https://esm.sh/@ungap/structured-clone@1.3.0/denonext/esm/serialize.mjs": "c2afef5002f9580d119e7e392c8e0f1a0c504c6e998086b7bd75134391fc4fb3",
    "https://esm.sh/@ungap/structured-clone@1.3.0/denonext/esm/types.mjs": "c3dbd548db563f0d7de0554d6f02137e26540a661ba9aa42d88a83596e5a2fad",
    "https://esm.sh/@ungap/structured-clone@1.3.0/denonext/structured-clone.mjs": "24cb914aee461ea66fc6e04ca964bb5c2d008523f5ae761bbe68aeb87c851430",
    "https://esm.sh/@ungap/structured-clone@1.3.0?target=denonext": "52c2de6a6654457609e50b1449c5341191c61b0581fadd856ce91c3445e8c381",
    "https://esm.sh/bail@2.0.2/denonext/bail.mjs": "384030255809f49c4056a4876ee94a177253d8f3d77d2f150f097c5ce91f8ec6",
    "https://esm.sh/bail@2.0.2?target=denonext": "4bb045b2ef8bed208c284fdab79fb7b5ae39160febd1c8b35c68d00e858db19b",
    "https://esm.sh/ccount@2.0.1/denonext/ccount.mjs": "7fe48d2ae8ff72ce3162121cac5fa108e5febc672129de4fcbbd5bb11091d8c5",
    "https://esm.sh/ccount@2.0.1?target=denonext": "3b0153e7a5ced17185d70cad41045eb5b4069ee662715ec8d2cbd9ed48ac139d",
    "https://esm.sh/character-entities-html4@2.1.0/denonext/character-entities-html4.mjs": "14e649d0830762860d4bd54ea7dc3021689a25e82728b37d8abea9782b2f1581",
    "https://esm.sh/character-entities-html4@2.1.0?target=denonext": "824a7f4978b540549424b38e0e6a0d80d7f373eef7c5781ae2c1064c577e53c4",
    "https://esm.sh/character-entities-legacy@3.0.0/denonext/character-entities-legacy.mjs": "071940033707fefe06cd5ce012036e2237a885b7551c5b7ab0e80b637eb81394",
    "https://esm.sh/character-entities-legacy@3.0.0?target=denonext": "ab2491261590d5ddd4fe5a6a55a1d5c71226c7a599b040e5974c8aaef11d2ad0",
    "https://esm.sh/character-entities@2.0.2/denonext/character-entities.mjs": "d15396c2d78022cb26a289c75ee1fb7aaa556334bb24ff7b1ca3634a2770c4ef",
    "https://esm.sh/character-entities@2.0.2?target=denonext": "2d10b2ddc9c8e2977f63c2906c25adb68ed7e9bea396059d011463aa067149b9",
    "https://esm.sh/comma-separated-tokens@2.0.3/denonext/comma-separated-tokens.mjs": "a0bd5820bee0e123ff3b4ebc21030ac90b0770a346cf1e28468140e98895f83e",
    "https://esm.sh/comma-separated-tokens@2.0.3?target=denonext": "6719173795c812ef7e117658ce15063037cd95531754a83ae715ccb72ac6e9df",
    "https://esm.sh/decode-named-character-reference@1.0.2/denonext/decode-named-character-reference.mjs": "6ed139ceb93068aafd848c55983b5fd46515eda03a98c53302c587baf877d26e",
    "https://esm.sh/decode-named-character-reference@1.0.2?target=denonext": "f453e496e14e93bd7092a6c1078aa11f47201e339a57fd8198168001798eb486",
    "https://esm.sh/devlop@1.1.0/denonext/devlop.mjs": "c510d1d2f0a44e17c6658ab69e0e93264c5652fcd2f230e528470248c24047e6",
    "https://esm.sh/devlop@1.1.0?target=denonext": "e8f34c5946b08720b9d8f089248ef5c6c81481e07ca3bba5d551f92400e5a474",
    "https://esm.sh/entities@4.5.0/denonext/lib/decode.mjs": "ef22e25f6bca668e40c4f7d4ecaebe2172a833a18372d55b54f997d0d8702dcd",
    "https://esm.sh/entities@4.5.0/denonext/lib/escape.mjs": "116aef78e5ff05efa6f79851b8b59da025ab88f5c25d2262f73df98f4d57c3fa",
    "https://esm.sh/entities@4.5.0/lib/decode?target=denonext": "488bc8401a0c85a76527d61a41352c5371904aeda57a136eb10ccfadcd2f7c8c",
    "https://esm.sh/entities@4.5.0/lib/escape?target=denonext": "5a9169bd35526d3a3740b3d4aaed9a4ac0b43eecaa456252a379dabb5074a0ef",
    "https://esm.sh/escape-string-regexp@5.0.0/denonext/escape-string-regexp.mjs": "e7e83223aeadce014afec3437ad9eb2c38d4fd583d55e48934f3325834e7388e",
    "https://esm.sh/escape-string-regexp@5.0.0?target=denonext": "a04bd35da97b7bb95120eb6923dcd64751185568d333fa6a64a1ca0be2b4feac",
    "https://esm.sh/extend@3.0.2/denonext/extend.mjs": "2fcb45893e5be70d629e3c4c6f3100ee1bba03bc672ece1d4ae57c3b88db3a71",
    "https://esm.sh/extend@3.0.2?target=denonext": "35f0cb416b1c2975321f6cfc0fc0e9ae13d3a83fe90705718880f502a2e22ea4",
    "https://esm.sh/fault@2.0.1/denonext/fault.mjs": "0e6e3d55668c6fd53cf43d164d9286144e3a6d7db0e68d5db1f13935e3969020",
    "https://esm.sh/fault@2.0.1?target=denonext": "2aca6d7849e2a3c5f9cc2954b2ebbb014f20207f5e378c12f0a09637a28036ed",
    "https://esm.sh/format@0.2.2/denonext/format.mjs": "0c4a09a3a455143aed7335f0f924f96ba99c82c478c4574eb3eb3f4e859bc99b",
    "https://esm.sh/format@0.2.2?target=denonext": "e1af547220f0f91d2d856044f748e348f3e6a72e20b48cb0ddfa7ffc01767d22",
    "https://esm.sh/hast-util-embedded@3.0.0/denonext/hast-util-embedded.mjs": "16c39b3d33fff6fc542f53cc8dcb45bce3b5057882d4e7e493a7a2b789796f56",
    "https://esm.sh/hast-util-embedded@3.0.0?target=denonext": "e9c1e8b65440121779f71fcf744b36e10f8310d7ce6625ad7ca2d66ae96aee3b",
    "https://esm.sh/hast-util-from-html@2.0.3/denonext/hast-util-from-html.mjs": "0295c68f851cd0beaf7ba237e4ce362c26fc23b41cbe6aeb7c70d40061387f17",
    "https://esm.sh/hast-util-from-html@2.0.3?target=denonext": "a91bd0f67bdc282b67e7b9b3bf9d8500a090917b14317ad5004a11afbe63a05d",
    "https://esm.sh/hast-util-from-parse5@8.0.3/denonext/hast-util-from-parse5.mjs": "84b5c3de002cebde0d92be7df65b24f3b62c5495e717c66c593210e9420689f6",
    "https://esm.sh/hast-util-from-parse5@8.0.3?target=denonext": "e83c7ce8e76b13d8a49716f967d593dde525743dc4c05775e37af764c20eeb38",
    "https://esm.sh/hast-util-has-property@3.0.0/denonext/hast-util-has-property.mjs": "429a8f7a9ce52cfd8e6496ac3d91e67bdf9998e5d014c0e5df8dc85d809a214e",
    "https://esm.sh/hast-util-has-property@3.0.0?target=denonext": "f7898a009b516ecdcb3b01f2fe21fe7e34aa581efcf2da29cb31ca4f13afdbf8",
    "https://esm.sh/hast-util-is-body-ok-link@3.0.1/denonext/hast-util-is-body-ok-link.mjs": "1f7f5196d9c2fc2f78553bfa15622d6d8ba7aca32e7ce3ededa23c567758a0d3",
    "https://esm.sh/hast-util-is-body-ok-link@3.0.1?target=denonext": "29f026c0e6f63d8354f32e31e91ca5a64557471be2a8e75e36e268ba9dab9b0d",
    "https://esm.sh/hast-util-is-element@3.0.0/denonext/hast-util-is-element.mjs": "e12c289e82cb9eee11e30f87cbfc40bc9b1e005f725dcbce5f8a2af6927be41b",
    "https://esm.sh/hast-util-is-element@3.0.0?target=denonext": "5b0ad62acc8ca4644c21275804720f23c534613120fc9ce9ce6289b3d1019d10",
    "https://esm.sh/hast-util-minify-whitespace@1.0.1/denonext/hast-util-minify-whitespace.mjs": "8708bf732dac61919e216bfe3d2003a69afd494739e4d20bec32f0a265111e10",
    "https://esm.sh/hast-util-minify-whitespace@1.0.1?target=denonext": "84cb47f514d4dfe72003cb8d662f512e5cf065b0d2a43f3464b639e499140e00",
    "https://esm.sh/hast-util-parse-selector@4.0.0/denonext/hast-util-parse-selector.mjs": "216411b5c1eb2cd0e62a90a7f112f0e8a890b1be13448586b9f486d3e3205860",
    "https://esm.sh/hast-util-parse-selector@4.0.0?target=denonext": "7aa36572a810cc1ce3c8baa603f6ce0ff5193206c30fc46d6159ec3bba9fb072",
    "https://esm.sh/hast-util-phrasing@3.0.1/denonext/hast-util-phrasing.mjs": "9fe11b0960cbfd82a9233ac3a7577c71217f35290445e54c085e5f8a731cf5b4",
    "https://esm.sh/hast-util-phrasing@3.0.1?target=denonext": "2b41a39ae7a72e24576981915374f0a07b889d9306c3331dc861bd1652fdbf48",
    "https://esm.sh/hast-util-to-html@9.0.5/denonext/hast-util-to-html.mjs": "93cf23673919dcf7f53a6bcbe795bfd05cafb40597c9241606bff5146197d13d",
    "https://esm.sh/hast-util-to-html@9.0.5?target=denonext": "3df1845ce76aba4a248048ec3a8d8a2b31e30ec10f9a77547017d466f0a5ea7d",
    "https://esm.sh/hast-util-to-mdast@10.1.2/denonext/hast-util-to-mdast.mjs": "3e8c7fc06875942fe514bc71b18b9864bf5a3be5f762cb3dd8470ee63256ae6c",
    "https://esm.sh/hast-util-to-mdast@10.1.2?target=denonext": "5728c766e65d10b6d7a2949fb4add521b488f492560999fd957eeec13e836a6a",
    "https://esm.sh/hast-util-to-text@4.0.2/denonext/hast-util-to-text.mjs": "849b595e8127395c1abaeeafd28b164f2bd43f42353b4154feffc8075473fbb8",
    "https://esm.sh/hast-util-to-text@4.0.2?target=denonext": "d713ef4b44f359f62280a61fa0d3bf43a39f29fdee15909b5f4ac01b35d15019",
    "https://esm.sh/hast-util-whitespace@3.0.0/denonext/hast-util-whitespace.mjs": "aaa57ca9ef905639a27cac35d98f3b3d2e2eac1c06e896f7a09a7b3367b6d2bb",
    "https://esm.sh/hast-util-whitespace@3.0.0?target=denonext": "d3a1759ba0bc6eae4c5e15544d0ff4bc6a472e2ae32c09d0ad73e37acf9a05c5",
    "https://esm.sh/hastscript@9.0.1/denonext/hastscript.mjs": "b86e25300334fcff9d7f3a7ca7b928b3b2881c43829a6c47b5cbfcf30158e495",
    "https://esm.sh/hastscript@9.0.1/denonext/lib/index.mjs": "4f0140b648b3a287ff37bb17316fc85b804047fb6629dd31976a937a6a5391b3",
    "https://esm.sh/hastscript@9.0.1?target=denonext": "950a3d8b8c2f30a67db7f1a868d736748369bb77881ababd0177d0f601c92ebd",
    "https://esm.sh/html-void-elements@3.0.0/denonext/html-void-elements.mjs": "578a33e9aef494830dcb4a30c5853a2e4f2ed5171d60bd29715911284d44fb72",
    "https://esm.sh/html-void-elements@3.0.0?target=denonext": "075cf34c83eb55aac347b748809e3de9658f988303eb3b10c07507ac4617e587",
    "https://esm.sh/is-plain-obj@4.1.0/denonext/is-plain-obj.mjs": "b2148bf350315cbc1ea1a04b358367e4daf3a9da53a634220d7f1a42e110ed4e",
    "https://esm.sh/is-plain-obj@4.1.0?target=denonext": "1816dcb650ccabbf582c01010105a7d09d5138a4745be4d10d21efba5d2513ee",
    "https://esm.sh/longest-streak@3.1.0/denonext/longest-streak.mjs": "b3679e1f871189395c1e60417470b1767daa360e32a7a9081eee269652f6784a",
    "https://esm.sh/longest-streak@3.1.0?target=denonext": "69d6d4513a1bd54b0451a0801722bb82196c0e0af39b50301b2c4cc77bc6672e",
    "https://esm.sh/markdown-table@3.0.4/denonext/markdown-table.mjs": "c7d81a7a273381ec526b7c49ca14dc5955143cd62c3b5771eb46b9a19ba58d15",
    "https://esm.sh/markdown-table@3.0.4?target=denonext": "118bbe611f9ab1c3f771d089fb05118ab3a863a9f860a5bdaccb508301b65cea",
    "https://esm.sh/mdast-util-find-and-replace@3.0.2/denonext/mdast-util-find-and-replace.mjs": "62f870c04e7057b035726f84c528684ba28f19c2100c9adf40dd523282323133",
    "https://esm.sh/mdast-util-find-and-replace@3.0.2?target=denonext": "b336fbe701983244677c8d2eb46c5b1be1b2fb8e5fccd3035c469cc830b5583e",
    "https://esm.sh/mdast-util-from-markdown@2.0.2/denonext/mdast-util-from-markdown.mjs": "1177962b4e41eedffa8f46b06584c43a84591cf03641ab6b890318e9471f750a",
    "https://esm.sh/mdast-util-from-markdown@2.0.2?target=denonext": "2687f8fb508708e37de6d7531894d5472223e3b76fde684fdfb178f2ac101ceb",
    "https://esm.sh/mdast-util-frontmatter@2.0.1/denonext/mdast-util-frontmatter.mjs": "1c44a7624c2ce2d17cf6b3762e2b279f7f56fa5f3a2b106067922fccc8ab1dee",
    "https://esm.sh/mdast-util-frontmatter@2.0.1?target=denonext": "533bc6ac392e2cf90ab72d36f9835fc647c69a1ebe721a24beec955d34da2305",
    "https://esm.sh/mdast-util-gfm-autolink-literal@2.0.1/denonext/mdast-util-gfm-autolink-literal.mjs": "8aee21bdd773c79ffb10799b9dc0dbcea276c9217a1b04a1c28a31e2edc9f0c1",
    "https://esm.sh/mdast-util-gfm-autolink-literal@2.0.1?target=denonext": "b91de657004a6edd61e11dbbbf7c0a37f4c942e956e3102dd0e5a6a87ceb3260",
    "https://esm.sh/mdast-util-gfm-footnote@2.1.0/denonext/mdast-util-gfm-footnote.mjs": "9d738ccacbb0539e6ade2a842353e41d6a475173ed6a4897fd5961ba07101718",
    "https://esm.sh/mdast-util-gfm-footnote@2.1.0?target=denonext": "75fe7ef2795f237819e8a37d8ef1d9c0eaede2304959a7776dfedc2804a2c211",
    "https://esm.sh/mdast-util-gfm-strikethrough@2.0.0/denonext/mdast-util-gfm-strikethrough.mjs": "2a7aaa032f94a0d37da9aadf897c314a5d1628d3b36da877f2dbea5b67226c2f",
    "https://esm.sh/mdast-util-gfm-strikethrough@2.0.0?target=denonext": "ac275c290998f8811825f92805903738c7867e0390280074fcb00c49820565e9",
    "https://esm.sh/mdast-util-gfm-table@2.0.0/denonext/mdast-util-gfm-table.mjs": "1e46bf4d6f309409d2c6a676dca7feb9a94b6b29e75d390ed3437856a4c07371",
    "https://esm.sh/mdast-util-gfm-table@2.0.0?target=denonext": "c7b9ec3cd8f8066d2ba48c3bb27ea5789bcd55d706f0b9389dd04e05941b67a3",
    "https://esm.sh/mdast-util-gfm-task-list-item@2.0.0/denonext/mdast-util-gfm-task-list-item.mjs": "9eaa8859f3e42eddfe8b97c93d14f51339c0c30c57230e0dd6dfc17781c5b336",
    "https://esm.sh/mdast-util-gfm-task-list-item@2.0.0?target=denonext": "f24c29c95777f2db82d0c34f81b1105baf131653601b7bc759c53d0eb7211968",
    "https://esm.sh/mdast-util-gfm@3.1.0/denonext/mdast-util-gfm.mjs": "8ca4728bb1318649f1ee4174e95637ab15148ab43eee740ff253bdc468f2f0d6",
    "https://esm.sh/mdast-util-gfm@3.1.0?target=denonext": "e0b370b37ca649e930710b29eeeb1aedaa6e24a219d41c6a92359c89af8c9828",
    "https://esm.sh/mdast-util-phrasing@4.1.0/denonext/mdast-util-phrasing.mjs": "7f34b64d37f773f1acf912be68ab6dca0b5744d70701f66207f6596a295f9e41",
    "https://esm.sh/mdast-util-phrasing@4.1.0?target=denonext": "3cf6dc180420477f48341be6a5309157dffc262ccc4c35da139fe0ff37ce753b",
    "https://esm.sh/mdast-util-to-hast@13.2.0/denonext/lib/handlers/text.mjs": "d83a3e4355fd53afc5ddfe91ac947f7706f74a67129248bb086ccc085ea94f81",
    "https://esm.sh/mdast-util-to-hast@13.2.0/denonext/mdast-util-to-hast.mjs": "d38181796d0e363b9b5ba7f31b916b10cc89d37b4050647125bcea88787eb82e",
    "https://esm.sh/mdast-util-to-hast@13.2.0/lib/handlers/text.js": "cd7552a4d5ad0e45b77f187c6553b50f3f3f2ce8eb34d5b2b638a8eec36e3792",
    "https://esm.sh/mdast-util-to-hast@13.2.0?target=denonext": "3fcda7388f44df104401e077283a2f651abd6dc241f3e47c55eee2b48fe504e3",
    "https://esm.sh/mdast-util-to-markdown@2.1.2/denonext/lib/handle/paragraph.mjs": "9c0856af0ad27623124ca4dbadbb4da2523102046269ac7885d349e5b5817e53",
    "https://esm.sh/mdast-util-to-markdown@2.1.2/denonext/mdast-util-to-markdown.mjs": "bb241500e7d387c50e87eeb96eace3f02717324788f51fbbd183794b6c8f11ef",
    "https://esm.sh/mdast-util-to-markdown@2.1.2/lib/handle/paragraph.js": "39d411af9f190ee63d651faadc5d649b680a48ba6e746b02e0feead860eb1001",
    "https://esm.sh/mdast-util-to-markdown@2.1.2?target=denonext": "f05cb5b5c2e707504e27e18adc3f5dfb3d65d4f428af618be2cccfa4c44bc749",
    "https://esm.sh/mdast-util-to-string@4.0.0": "8d15ff9b0a1cac20bfd8af081a133c6d7aac64e34fdd237aeb35cdb3521948ea",
    "https://esm.sh/mdast-util-to-string@4.0.0/denonext/mdast-util-to-string.mjs": "0cc67aaadd998d60b82ab54c51f6320231f915aa6288694eb1a5eea017226a73",
    "https://esm.sh/mdast-util-to-string@4.0.0?target=denonext": "8d15ff9b0a1cac20bfd8af081a133c6d7aac64e34fdd237aeb35cdb3521948ea",
    "https://esm.sh/micromark-core-commonmark@2.0.3/denonext/micromark-core-commonmark.mjs": "672c110ff674d54beacf859caaccb66ad776316eeed024b5c1c86ed896c66cdf",
    "https://esm.sh/micromark-core-commonmark@2.0.3?target=denonext": "72b4814f8a2c3152170ad0c01310b275e3d52650ff9399d3401a251881076608",
    "https://esm.sh/micromark-extension-frontmatter@2.0.0/denonext/micromark-extension-frontmatter.mjs": "f9b9da7b122b624d7db66e971ad44bcfc56f1745389ce1a608629ef4a45c391c",
    "https://esm.sh/micromark-extension-frontmatter@2.0.0?target=denonext": "479200bd84e7803953e2512615a0be57aa0059e77b08f4dc69243d2c31d8ee91",
    "https://esm.sh/micromark-extension-gfm-autolink-literal@2.1.0/denonext/micromark-extension-gfm-autolink-literal.mjs": "0c8b3e9e68ee7598f088a2be628775fbb8bed9afc52c39aa5d4c2ebd5b4e40cd",
    "https://esm.sh/micromark-extension-gfm-autolink-literal@2.1.0?target=denonext": "31db71906e7c62291ff44bad18f1d1dcd7ee30fb903576a25c5b8aabccf9ee91",
    "https://esm.sh/micromark-extension-gfm-footnote@2.1.0/denonext/micromark-extension-gfm-footnote.mjs": "56c5ca1da179f7d471a8e2e0db6c2f301eb828cb44e274ffea52002be702a81a",
    "https://esm.sh/micromark-extension-gfm-footnote@2.1.0?target=denonext": "4c35674269184844e2c3f1a5a22a1b641d79287abdb7377cf455d729fe6c751c",
    "https://esm.sh/micromark-extension-gfm-strikethrough@2.1.0/denonext/micromark-extension-gfm-strikethrough.mjs": "6145b26e3f3f4a6a31959dd31f0901a2832edb5807e3d4025e47bd608953c4b9",
    "https://esm.sh/micromark-extension-gfm-strikethrough@2.1.0?target=denonext": "5a359a22cd78aefbed670f8f206988dc23d78c746268b61b9501a0fc51951cd4",
    "https://esm.sh/micromark-extension-gfm-table@2.1.1/denonext/micromark-extension-gfm-table.mjs": "b72389302e4e53dbcea9e800f37416f3d6d69d85229a33428b737caa211e2a57",
    "https://esm.sh/micromark-extension-gfm-table@2.1.1?target=denonext": "a49d13a63cb41982fffe16a10fe9d870d2ae97ed080ce88e2693d51d4b84960d",
    "https://esm.sh/micromark-extension-gfm-tagfilter@2.0.0/denonext/micromark-extension-gfm-tagfilter.mjs": "e57d9be10a48d24a75025759977ebe78a246a90864059df64450fced10cfe70f",
    "https://esm.sh/micromark-extension-gfm-tagfilter@2.0.0?target=denonext": "efe16cf969d8cd7e272b91f3625431ca6822d6767e0681420555d4f501d8b022",
    "https://esm.sh/micromark-extension-gfm-task-list-item@2.1.0/denonext/micromark-extension-gfm-task-list-item.mjs": "18cb23fc96edf22d1a10f787a727188c3a4dc16a8d6bc060ab4d89e985c4cf18",
    "https://esm.sh/micromark-extension-gfm-task-list-item@2.1.0?target=denonext": "587bee1b66afad210e7b0ea609b4b8e4a72488c16acc3098909a9e40e148a00d",
    "https://esm.sh/micromark-extension-gfm@3.0.0/denonext/micromark-extension-gfm.mjs": "4d7571c8a69927b647266b33e9601a6396ec26c6dc346a7218607cbb3b64df4c",
    "https://esm.sh/micromark-extension-gfm@3.0.0?target=denonext": "09156741a87b1019d660a4d53288a9c90c48e196342608a62c956b8f5835ea7e",
    "https://esm.sh/micromark-factory-destination@2.0.1/denonext/micromark-factory-destination.mjs": "02e9933a1b99e5ca4bddb92658a310fbb9c6eade47e3c6e0d9c9ec2b0b6b1503",
    "https://esm.sh/micromark-factory-destination@2.0.1?target=denonext": "20f6c02cb016930493fd90ead45cf9907af1e23cc31ac0666bd9d1f012392db2",
    "https://esm.sh/micromark-factory-label@2.0.1/denonext/micromark-factory-label.mjs": "932e00402dd441f65871fe07a500722c8384475949606d74aa34d6e9d1affaed",
    "https://esm.sh/micromark-factory-label@2.0.1?target=denonext": "36d5ecce5715456ef6df4b6df41f6afbd4664e88ebc938e3b968398e7a131873",
    "https://esm.sh/micromark-factory-space@2.0.1/denonext/micromark-factory-space.mjs": "629330f72ac17c306c0a96fa8585564983a555acce6123dc5a19b4168844b3dc",
    "https://esm.sh/micromark-factory-space@2.0.1?target=denonext": "534110c835418f7734d5a95c0b3d17a3407cc7ad185b29f614debd0fc764a273",
    "https://esm.sh/micromark-factory-title@2.0.1/denonext/micromark-factory-title.mjs": "54836826d7b01f9df3eb879e28723e68cc651ff6ee1209e0d330fad7d9e2a1c9",
    "https://esm.sh/micromark-factory-title@2.0.1?target=denonext": "89b698c68705321d42bb80f1de290de3eb5f47e75256abcd918c9307baac052e",
    "https://esm.sh/micromark-factory-whitespace@2.0.1/denonext/micromark-factory-whitespace.mjs": "97e209d227ab5374ae9693f83386efa99374acd94f9fbfd1460423e1b5d201da",
    "https://esm.sh/micromark-factory-whitespace@2.0.1?target=denonext": "31d15afad988724c6364cea162fd3693bccb899b03d5df916377981a7577f175",
    "https://esm.sh/micromark-util-character@2.1.1/denonext/micromark-util-character.mjs": "f906588cf18dd5385e3eec4f0a2fba64c4e76fd8b646209b65011a386bc04d00",
    "https://esm.sh/micromark-util-character@2.1.1?target=denone": "e445c6bc3be10c82ccc5d79255b50683c22903f7c3cad535cda227b9325530ff",
    "https://esm.sh/micromark-util-character@2.1.1?target=denonext": "e445c6bc3be10c82ccc5d79255b50683c22903f7c3cad535cda227b9325530ff",
    "https://esm.sh/micromark-util-chunked@2.0.1/denonext/micromark-util-chunked.mjs": "1bf94c0d563ca1ec32d5ec293c5d99145865678ff0bdf8e96804a84d591b3691",
    "https://esm.sh/micromark-util-chunked@2.0.1?target=denonext": "6647a0b1b1cfd638fd3a1fa272d2828d9989e5d78e0ef986572b72f5a3185b45",
    "https://esm.sh/micromark-util-classify-character@2.0.1/denonext/micromark-util-classify-character.mjs": "d9e1f27ac78b50280e193cb0916205ef09b10a525d454de4ed62b32887795da6",
    "https://esm.sh/micromark-util-classify-character@2.0.1?target=denonext": "5091803eac11e1066ee40e203056cbb98e6f935f9913016c35e29bb4a9bede0a",
    "https://esm.sh/micromark-util-combine-extensions@2.0.1/denonext/micromark-util-combine-extensions.mjs": "390e174b64b38891ec66fb33c8abd147e88a537995464d876ba3273ad00d0288",
    "https://esm.sh/micromark-util-combine-extensions@2.0.1?target=denonext": "2efbd7613fad4a46ea11f1dcad11b4026d9b83928f8189f39949cabc725211d4",
    "https://esm.sh/micromark-util-decode-numeric-character-reference@2.0.2/denonext/micromark-util-decode-numeric-character-reference.mjs": "a0ad32383214578b5e535e342d616437e03e70221edd0a311ae65ee4b3564c53",
    "https://esm.sh/micromark-util-decode-numeric-character-reference@2.0.2?target=denonext": "4913b8680d6ed01be5b15ee66ef9e01c70e29758bd07d776b5fc6e24a2189195",
    "https://esm.sh/micromark-util-decode-string@2.0.1/denonext/micromark-util-decode-string.mjs": "c1158d76dd23af8ffd32342e613b43112337b6614219ff44d2368760009dcdca",
    "https://esm.sh/micromark-util-decode-string@2.0.1?target=denonext": "065611d34090b46cea4d83d240a6db94a360c2095e1b70596b97efabf3a063ce",
    "https://esm.sh/micromark-util-encode@2.0.1/denonext/micromark-util-encode.mjs": "fba5f874b451986181d4e9948ef8c9baba3b4f5120ec3579ea56f76877df4cb4",
    "https://esm.sh/micromark-util-encode@2.0.1?target=denonext": "fc0f1c8fc2cad5e6edc2157f7faf3c0a59a73aeb49e03f8ccddd9a478c8f1ad8",
    "https://esm.sh/micromark-util-html-tag-name@2.0.1/denonext/micromark-util-html-tag-name.mjs": "a71b054204ce74dc2eb87bb8f9b9fdfa2154efde7a95223853dd8fffc44977b7",
    "https://esm.sh/micromark-util-html-tag-name@2.0.1?target=denonext": "7d3b4f82d036e0333fb31cd34182e40b9425f3202e7e50054654c7bdadfaadc1",
    "https://esm.sh/micromark-util-normalize-identifier@2.0.1/denonext/micromark-util-normalize-identifier.mjs": "c8ca3b1cb2fc123195b6b3dfa2f7f313f5287ec1c890a636950bbb3f13bf18c9",
    "https://esm.sh/micromark-util-normalize-identifier@2.0.1?target=denonext": "e9582a4c88f1d000a6881cd50b4ebc1e523719ca1bd30bf2c7b5ed9e57d0c72b",
    "https://esm.sh/micromark-util-resolve-all@2.0.1/denonext/micromark-util-resolve-all.mjs": "553a992e0b3875bbfcdb41299f024878cbf726f264dff46db7a6c20e1908c6f0",
    "https://esm.sh/micromark-util-resolve-all@2.0.1?target=denonext": "dcc380222d422919d39858699d6b27e9c902828dfd58c9e6c4c32933496d2c9d",
    "https://esm.sh/micromark-util-sanitize-uri@2.0.1/denonext/micromark-util-sanitize-uri.mjs": "cf55ce70c5cc1379955116bf7ad8ae6a317078a47d48c44c69742358c81e1220",
    "https://esm.sh/micromark-util-sanitize-uri@2.0.1?target=denonext": "14ec4f9c3a39e97707e89dd16cb7cf975387ea75442d319b308417b7f6abd74c",
    "https://esm.sh/micromark-util-subtokenize@2.1.0/denonext/micromark-util-subtokenize.mjs": "43a653234a9f01479e063051f1e6237cd98d31c08aaf8fdf8fff82689bffdbed",
    "https://esm.sh/micromark-util-subtokenize@2.1.0?target=denonext": "9260b377186fe70f3d07f902245736b0eb3bee21500abbaa5d7152453e5faf59",
    "https://esm.sh/micromark@4.0.2/denonext/lib/compile.mjs": "de179ea8d69051838e67a7401330ee6385f995796c5c2407f66cfc41c72e1a33",
    "https://esm.sh/micromark@4.0.2/denonext/lib/parse.mjs": "5b1195b93c1c798d07b2c37c5501ab8302b07c981de2502da5de96c193852a71",
    "https://esm.sh/micromark@4.0.2/denonext/lib/postprocess.mjs": "888ee21a24ccca485159179ac8f423da81a820355d5b1a0216a7def7dd49309b",
    "https://esm.sh/micromark@4.0.2/denonext/lib/preprocess.mjs": "eb3ca8178876c8bdda0c56b0191aedf59b9822de983d051bfbe6e02e6c4f2c0d",
    "https://esm.sh/micromark@4.0.2/denonext/micromark.mjs": "d6a301df31742731490de7931fe6bc1d42dde369e2f3b58e685b09c1905b04b4",
    "https://esm.sh/micromark@4.0.2?target=denonext": "b3012311265a68f11418c31073bdedf455b001a9f835615a0635258e36087305",
    "https://esm.sh/parse5@7.2.1/denonext/parse5.mjs": "de52f4e91aa9b18afc13befa7cff696c46a0e339510fc48f1f120720330c7a6e",
    "https://esm.sh/parse5@7.2.1?target=denonext": "830ccab36e4cdce029bbc48d458800f77854076a78c44696a005cb1fd3bc81a9",
    "https://esm.sh/property-information@7.0.0/denonext/property-information.mjs": "5c2d53f921fdc0075e85eaea249337eaa04c2d1dd936825ec10d75bba5185f2d",
    "https://esm.sh/property-information@7.0.0?target=denonext": "20683fdddbe4a5cc287e48d3999e45859f8d63b2af5d91f17b5ef456d2fe9718",
    "https://esm.sh/rehype-minify-whitespace@6.0.2/denonext/rehype-minify-whitespace.mjs": "4137f5d55967ea64f5bcc5786c137bf8f82429d65065b1cf724811e3049a0a41",
    "https://esm.sh/rehype-minify-whitespace@6.0.2?target=denonext": "6ccf37ac9fb55ab94f18df641ca0cd77a190ee95b648f97da22524e116cb4a3d",
    "https://esm.sh/rehype-parse@9.0.1": "15a95333d94097e920b6cfdaa9924536a25b0d3cbf83a27974f6df97338a18e8",
    "https://esm.sh/rehype-parse@9.0.1/denonext/rehype-parse.mjs": "45c385e472f941578f59c76f9d0d53e6685e90445bb94889c0c26b4982099727",
    "https://esm.sh/rehype-remark@10.0.0": "9fc644a87ff4e2c638ec41b522642348b1dd67cf3506db863c8a076901103d15",
    "https://esm.sh/rehype-remark@10.0.0/denonext/rehype-remark.mjs": "c223925995b00efb6d61f6cd15cdabbefb95d3bfbe5ff5e6ba5a3d2e59272f1b",
    "https://esm.sh/rehype-stringify@10.0.1": "7f077b0b56335be3ab4c3646f8d3820f947a18187b83465ada74b840a5ec44fa",
    "https://esm.sh/rehype-stringify@10.0.1/denonext/rehype-stringify.mjs": "5957daef4a674184ad9c9137e189a7cccfa87ecf62828d58f3702503464389fc",
    "https://esm.sh/remark-frontmatter@5.0.0": "0db0e831ec21d5efe476a37a6f4184448b80767fc2f78662bc3f3bb42450cb91",
    "https://esm.sh/remark-frontmatter@5.0.0/denonext/remark-frontmatter.mjs": "ec4c5716990b60b9f602a8ed6cfc0511f48a6dba25375981b76ee6c99765d2a1",
    "https://esm.sh/remark-gfm@4.0.1": "724cef40a5f759ace713744e504c94205ec9ef5e858c991176ab9a2616cdfca4",
    "https://esm.sh/remark-gfm@4.0.1/denonext/remark-gfm.mjs": "3ade91bcda9fa1896e746c5f9313ade69bf19b38940ff3e6965da21c53697622",
    "https://esm.sh/remark-parse@11.0.0": "f281dbd72bbffef14d203ae8d7f06ff88c5f04890e3546bd15aac84f9753e2cc",
    "https://esm.sh/remark-parse@11.0.0/denonext/remark-parse.mjs": "45f932d8db3742e527bbffa83c0c22dd9a16c01febe0c5083e048681a542aef0",
    "https://esm.sh/remark-rehype@11.1.1": "060f65010d1b27b7511d2171a97e6b749b28d0f3a66e0b9b418c8ad05df968dd",
    "https://esm.sh/remark-rehype@11.1.1/denonext/remark-rehype.mjs": "8aa7a826b9716c5c2ad90bba6efa2b4317ca4ac87e089f0ab46ffab9f52bca2d",
    "https://esm.sh/remark-stringify@11.0.0": "a5d7fc40630aae39780a02db2181d43a76c46d76aee35a326faf28103cffa54f",
    "https://esm.sh/remark-stringify@11.0.0/denonext/remark-stringify.mjs": "20e7b27522883615cf341505254579ca76e72281b2bc7a7a877d9e179d74b4dd",
    "https://esm.sh/space-separated-tokens@2.0.2/denonext/space-separated-tokens.mjs": "57c49ae52e83a3c97c91bdd715424c01edf87165f59750ab35edadc2bddb0b19",
    "https://esm.sh/space-separated-tokens@2.0.2?target=denonext": "f77ed6e61143c1f45c217b9a8d840c45f72568cf7018df500390ff55b9dd5053",
    "https://esm.sh/stringify-entities@4.0.4/denonext/stringify-entities.mjs": "5f917d84c5131eb90460fd11659433eaaba8864295a17c63ed19f854bfd93d42",
    "https://esm.sh/stringify-entities@4.0.4?target=denonext": "9f9c4497f90f13453fef1b8ceb3a6b494186afb72d278de86d7cbc3215b1df9c",
    "https://esm.sh/trim-lines@3.0.1/denonext/trim-lines.mjs": "51a48e8dffe302757f19f571d5c32d2b9595694f371a77bc1501efe96a67575f",
    "https://esm.sh/trim-lines@3.0.1?target=denonext": "618bf1e3b54affb937d3e344f250254b880ca2b891e08f586bc1aa50a790196f",
    "https://esm.sh/trim-trailing-lines@2.1.0/denonext/trim-trailing-lines.mjs": "81dcf02e1d191194613ee2910efd6a03b4c531482da41a33d7c6fd9389a46b27",
    "https://esm.sh/trim-trailing-lines@2.1.0?target=denonext": "5eb5050cbafa9ab2bed8642b2e727214367e9c3f1bfa8ec40be940fd6d04edce",
    "https://esm.sh/trough@2.2.0/denonext/trough.mjs": "fada5c5b43a3812bc17588a3ff3db5bafb276d50fb97ec8f06bc74f93dca76fb",
    "https://esm.sh/trough@2.2.0?target=denonext": "8b2d3baca46cd23524f77b1db60ff17176032b1212c5887c23029d410d509ccc",
    "https://esm.sh/unified@11.0.5": "72e30274eb07271c1cf92faffd5d33b4ecd714032bad012c1eb007ada1e11e01",
    "https://esm.sh/unified@11.0.5/denonext/unified.mjs": "b08baaf0a903c9d7c0513975d94c6631b35781396131a409b773ab05e080570d",
    "https://esm.sh/unist-builder@4.0.0": "da386b5bcda7d0073860902408ca99374c7acbca2c2cb96ee7e231884957e87a",
    "https://esm.sh/unist-builder@4.0.0/denonext/unist-builder.mjs": "6c591dd730a7482a5d320c24fe5f40c762ea9a34885a330d552d13f1e204462a",
    "https://esm.sh/unist-util-find-after@5.0.0/denonext/unist-util-find-after.mjs": "51b3f9709dfb6138c92ed6ab8d08cd12aecf389f8e69bff2bcee379db4cd4f0c",
    "https://esm.sh/unist-util-find-after@5.0.0?target=denonext": "9e8d1fa2c8b2cd15dcbc774209df01762b1d106a8867bbae21ab929c54adf29d",
    "https://esm.sh/unist-util-is@6.0.0/denonext/unist-util-is.mjs": "bbc00c612fd8daa022e50a0061856c52be17e0caa699dffa1e7b83b3bbe7b9f2",
    "https://esm.sh/unist-util-is@6.0.0?target=denonext": "7ac7092e893f27ed8edacb142d04dcc37169fdcfaa2ae8833a51fb9762d5e41f",
    "https://esm.sh/unist-util-position@5.0.0/denonext/unist-util-position.mjs": "f6b47f550945fd73b9ec29789ad9928dad64163906511b9ce1fb6f1063d4b620",
    "https://esm.sh/unist-util-position@5.0.0?target=denonext": "3a9921d02dfc1dfe7ba72f260ec5d7bca2da381c8a9a345b15f9a191523a7b8f",
    "https://esm.sh/unist-util-stringify-position@4.0.0/denonext/unist-util-stringify-position.mjs": "1e524ff61198426bbdd72735fe7c372b83dbb1c6e5bfa9ab7d0f15268eb65c52",
    "https://esm.sh/unist-util-stringify-position@4.0.0?target=denonext": "b096f6b3c0936aeeafa56a86945fa7add4e1ec11986f61f09aabe332edab4581",
    "https://esm.sh/unist-util-visit-parents@6.0.1/denonext/do-not-use-color.mjs": "94b57609e52050f8d615ab3d096a2efb7183053a494dee89f9af2fe6c8fb9f0b",
    "https://esm.sh/unist-util-visit-parents@6.0.1/denonext/unist-util-visit-parents.mjs": "8a147d91f7a2850549a66368715bbc7c4f057d5985c8606406cd39a1970d3b06",
    "https://esm.sh/unist-util-visit-parents@6.0.1?target=denonext": "d34dfd64dfda160231fe9a0dbf994475b1d5194b2874d9c3309593e942f85ae8",
    "https://esm.sh/unist-util-visit@5.0.0/denonext/unist-util-visit.mjs": "a09fab16c3eafd466e5b5dab65ab76cb8f1eafa360b457eef35a529f59725d7f",
    "https://esm.sh/unist-util-visit@5.0.0?target=denonext": "c877716ff21eeb6c104d3fc273bd29962611c2b6eed815be90aa1dbffc448b06",
    "https://esm.sh/vfile-location@5.0.3/denonext/vfile-location.mjs": "d34289851cb47f558c55b3e582842c6bd4066ff1669321bc6ff78811628483ff",
    "https://esm.sh/vfile-location@5.0.3?target=denonext": "1d6ce4215183da89e79baa3edb21ec6db7a59d5f54a9a6246534d9bef1a055c1",
    "https://esm.sh/vfile-message@4.0.2/denonext/vfile-message.mjs": "e7f27b18d02e476fc4b2675f1a19291148202a94d0e606a2eec6bffa01263bc7",
    "https://esm.sh/vfile-message@4.0.2?target=denonext": "df904ecca10a183a9cb55d1497a3778e64f4a47d59edc2821b8dcf16974b759d",
    "https://esm.sh/vfile@6.0.3/denonext/vfile.mjs": "b446746c9851716929eccc2fba7959efebb504d9bfa8b2ff896010fc6d1faafa",
    "https://esm.sh/vfile@6.0.3/index.js": "9a0f7177f6402008adc34de07766129b3d8e04fdb00a1c7568f5477def83e6e7",
    "https://esm.sh/vfile@6.0.3?target=denonext": "327f726bcdb4cf07c2a6f4a5aa0e29941cdf0e44b536cef3b85f7a28b862e423",
    "https://esm.sh/web-namespaces@2.0.1/denonext/web-namespaces.mjs": "4dd7f041b26a2deec87861cfd59ed6da9806c3b9452f8f6a98a28a457cc95a5f",
    "https://esm.sh/web-namespaces@2.0.1?target=denonext": "77d5a85f80ffccdab7eff654030967d094cfdb35bdc18ad9bd9c2c7e5e7dce74",
    "https://esm.sh/zwitch@2.0.4/denonext/zwitch.mjs": "9952f81d17f82f6d3ba09f0b593e479474825403f4956e3c48d77555d699ac0c",
    "https://esm.sh/zwitch@2.0.4?target=denonext": "6be0fec2f874b4fdeec2943cd95522fce96968c8f4b3b4ac87f6110409d3c370"
  },
  "workspace": {
    "dependencies": [
      "jsr:@gfx/canvas@^0.5.8",
      "jsr:@std/fs@^1.0.13",
      "jsr:@std/path@^1.0.8",
      "jsr:@std/yaml@^1.0.5"
    ]
  }
}
